// !$*UTF8*$!
{
	archiveVersion = 1;
	classes = {
	};
	objectVersion = 50;
	objects = {

/* Begin PBXBuildFile section */
		4523D06C23C95D94002CDC18 /* AppDelegate.swift in Sources */ = {isa = PBXBuildFile; fileRef = 4523D06B23C95D94002CDC18 /* AppDelegate.swift */; };
		4523D06E23C95D94002CDC18 /* SceneDelegate.swift in Sources */ = {isa = PBXBuildFile; fileRef = 4523D06D23C95D94002CDC18 /* SceneDelegate.swift */; };
		4523D07023C95D94002CDC18 /* ViewController.swift in Sources */ = {isa = PBXBuildFile; fileRef = 4523D06F23C95D94002CDC18 /* ViewController.swift */; };
		4523D07323C95D94002CDC18 /* Main.storyboard in Resources */ = {isa = PBXBuildFile; fileRef = 4523D07123C95D94002CDC18 /* Main.storyboard */; };
		4523D07523C95D98002CDC18 /* Assets.xcassets in Resources */ = {isa = PBXBuildFile; fileRef = 4523D07423C95D98002CDC18 /* Assets.xcassets */; };
		4523D07823C95D98002CDC18 /* LaunchScreen.storyboard in Resources */ = {isa = PBXBuildFile; fileRef = 4523D07623C95D98002CDC18 /* LaunchScreen.storyboard */; };
/* End PBXBuildFile section */

/* Begin PBXFileReference section */
		4523D06823C95D94002CDC18 /* Weber_Hello World.app */ = {isa = PBXFileReference; explicitFileType = wrapper.application; includeInIndex = 0; path = "Weber_Hello World.app"; sourceTree = BUILT_PRODUCTS_DIR; };
		4523D06B23C95D94002CDC18 /* AppDelegate.swift */ = {isa = PBXFileReference; lastKnownFileType = sourcecode.swift; path = AppDelegate.swift; sourceTree = "<group>"; };
		4523D06D23C95D94002CDC18 /* SceneDelegate.swift */ = {isa = PBXFileReference; lastKnownFileType = sourcecode.swift; path = SceneDelegate.swift; sourceTree = "<group>"; };
		4523D06F23C95D94002CDC18 /* ViewController.swift */ = {isa = PBXFileReference; lastKnownFileType = sourcecode.swift; path = ViewController.swift; sourceTree = "<group>"; };
		4523D07223C95D94002CDC18 /* Base */ = {isa = PBXFileReference; lastKnownFileType = file.storyboard; name = Base; path = Base.lproj/Main.storyboard; sourceTree = "<group>"; };
		4523D07423C95D98002CDC18 /* Assets.xcassets */ = {isa = PBXFileReference; lastKnownFileType = folder.assetcatalog; path = Assets.xcassets; sourceTree = "<group>"; };
		4523D07723C95D98002CDC18 /* Base */ = {isa = PBXFileReference; lastKnownFileType = file.storyboard; name = Base; path = Base.lproj/LaunchScreen.storyboard; sourceTree = "<group>"; };
		4523D07923C95D98002CDC18 /* Info.plist */ = {isa = PBXFileReference; lastKnownFileType = text.plist.xml; path = Info.plist; sourceTree = "<group>"; };
/* End PBXFileReference section */

/* Begin PBXFrameworksBuildPhase section */
		4523D06523C95D93002CDC18 /* Frameworks */ = {
			isa = PBXFrameworksBuildPhase;
			buildActionMask = 2147483647;
			files = (
			);
			runOnlyForDeploymentPostprocessing = 0;
		};
/* End PBXFrameworksBuildPhase section */

/* Begin PBXGroup section */
		4523D05F23C95D93002CDC18 = {
			isa = PBXGroup;
			children = (
				4523D06A23C95D94002CDC18 /* Weber_Hello World */,
				4523D06923C95D94002CDC18 /* Products */,
			);
			sourceTree = "<group>";
		};
		4523D06923C95D94002CDC18 /* Products */ = {
			isa = PBXGroup;
			children = (
				4523D06823C95D94002CDC18 /* Weber_Hello World.app */,
			);
			name = Products;
			sourceTree = "<group>";
		};
		4523D06A23C95D94002CDC18 /* Weber_Hello World */ = {
			isa = PBXGroup;
			children = (
				4523D06B23C95D94002CDC18 /* AppDelegate.swift */,
				4523D06D23C95D94002CDC18 /* SceneDelegate.swift */,
				4523D06F23C95D94002CDC18 /* ViewController.swift */,
				4523D07123C95D94002CDC18 /* Main.storyboard */,
				4523D07423C95D98002CDC18 /* Assets.xcassets */,
				4523D07623C95D98002CDC18 /* LaunchScreen.storyboard */,
				4523D07923C95D98002CDC18 /* Info.plist */,
			);
			path = "Weber_Hello World";
			sourceTree = "<group>";
		};
/* End PBXGroup section */

/* Begin PBXNativeTarget section */
		4523D06723C95D93002CDC18 /* Weber_Hello World */ = {
			isa = PBXNativeTarget;
			buildConfigurationList = 4523D07C23C95D98002CDC18 /* Build configuration list for PBXNativeTarget "Weber_Hello World" */;
			buildPhases = (
				4523D06423C95D93002CDC18 /* Sources */,
				4523D06523C95D93002CDC18 /* Frameworks */,
				4523D06623C95D93002CDC18 /* Resources */,
			);
			buildRules = (
			);
			dependencies = (
			);
			name = "Weber_Hello World";
			productName = "Weber_Hello World";
			productReference = 4523D06823C95D94002CDC18 /* Weber_Hello World.app */;
			productType = "com.apple.product-type.application";
		};
/* End PBXNativeTarget section */

/* Begin PBXProject section */
		4523D06023C95D93002CDC18 /* Project object */ = {
			isa = PBXProject;
			attributes = {
				LastSwiftUpdateCheck = 1130;
				LastUpgradeCheck = 1130;
				ORGANIZATIONNAME = "DePaul University";
				TargetAttributes = {
					4523D06723C95D93002CDC18 = {
						CreatedOnToolsVersion = 11.3;
					};
				};
			};
			buildConfigurationList = 4523D06323C95D93002CDC18 /* Build configuration list for PBXProject "Weber_Hello World" */;
			compatibilityVersion = "Xcode 9.3";
			developmentRegion = en;
			hasScannedForEncodings = 0;
			knownRegions = (
				en,
				Base,
			);
			mainGroup = 4523D05F23C95D93002CDC18;
			productRefGroup = 4523D06923C95D94002CDC18 /* Products */;
			projectDirPath = "";
			projectRoot = "";
			targets = (
				4523D06723C95D93002CDC18 /* Weber_Hello World */,
			);
		};
/* End PBXProject section */

/* Begin PBXResourcesBuildPhase section */
		4523D06623C95D93002CDC18 /* Resources */ = {
			isa = PBXResourcesBuildPhase;
			buildActionMask = 2147483647;
			files = (
				4523D07823C95D98002CDC18 /* LaunchScreen.storyboard in Resources */,
				4523D07523C95D98002CDC18 /* Assets.xcassets in Resources */,
				4523D07323C95D94002CDC18 /* Main.storyboard in Resources */,
			);
			runOnlyForDeploymentPostprocessing = 0;
		};
/* End PBXResourcesBuildPhase section */

/* Begin PBXSourcesBuildPhase section */
		4523D06423C95D93002CDC18 /* Sources */ = {
			isa = PBXSourcesBuildPhase;
			buildActionMask = 2147483647;
			files = (
				4523D07023C95D94002CDC18 /* ViewController.swift in Sources */,
				4523D06C23C95D94002CDC18 /* AppDelegate.swift in Sources */,
				4523D06E23C95D94002CDC18 /* SceneDelegate.swift in Sources */,
			);
			runOnlyForDeploymentPostprocessing = 0;
		};
/* End PBXSourcesBuildPhase section */

/* Begin PBXVariantGroup section */
		4523D07123C95D94002CDC18 /* Main.storyboard */ = {
			isa = PBXVariantGroup;
			children = (
				4523D07223C95D94002CDC18 /* Base */,
			);
			name = Main.storyboard;
			sourceTree = "<group>";
		};
		4523D07623C95D98002CDC18 /* LaunchScreen.storyboard */ = {
			isa = PBXVariantGroup;
			children = (
				4523D07723C95D98002CDC18 /* Base */,
			);
			name = LaunchScreen.storyboard;
			sourceTree = "<group>";
		};
/* End PBXVariantGroup section */

/* Begin XCBuildConfiguration section */
		4523D07A23C95D98002CDC18 /* Debug */ = {
			isa = XCBuildConfiguration;
			buildSettings = {
				ALWAYS_SEARCH_USER_PATHS = NO;
				CLANG_ANALYZER_NONNULL = YES;
				CLANG_ANALYZER_NUMBER_OBJECT_CONVERSION = YES_AGGRESSIVE;
				CLANG_CXX_LANGUAGE_STANDARD = "gnu++14";
				CLANG_CXX_LIBRARY = "libc++";
				CLANG_ENABLE_MODULES = YES;
				CLANG_ENABLE_OBJC_ARC = YES;
				CLANG_ENABLE_OBJC_WEAK = YES;
				CLANG_WARN_BLOCK_CAPTURE_AUTORELEASING = YES;
				CLANG_WARN_BOOL_CONVERSION = YES;
				CLANG_WARN_COMMA = YES;
				CLANG_WARN_CONSTANT_CONVERSION = YES;
				CLANG_WARN_DEPRECATED_OBJC_IMPLEMENTATIONS = YES;
				CLANG_WARN_DIRECT_OBJC_ISA_USAGE = YES_ERROR;
				CLANG_WARN_DOCUMENTATION_COMMENTS = YES;
				CLANG_WARN_EMPTY_BODY = YES;
				CLANG_WARN_ENUM_CONVERSION = YES;
				CLANG_WARN_INFINITE_RECURSION = YES;
				CLANG_WARN_INT_CONVERSION = YES;
				CLANG_WARN_NON_LITERAL_NULL_CONVERSION = YES;
				CLANG_WARN_OBJC_IMPLICIT_RETAIN_SELF = YES;
				CLANG_WARN_OBJC_LITERAL_CONVERSION = YES;
				CLANG_WARN_OBJC_ROOT_CLASS = YES_ERROR;
				CLANG_WARN_RANGE_LOOP_ANALYSIS = YES;
				CLANG_WARN_STRICT_PROTOTYPES = YES;
				CLANG_WARN_SUSPICIOUS_MOVE = YES;
				CLANG_WARN_UNGUARDED_AVAILABILITY = YES_AGGRESSIVE;
				CLANG_WARN_UNREACHABLE_CODE = YES;
				CLANG_WARN__DUPLICATE_METHOD_MATCH = YES;
				COPY_PHASE_STRIP = NO;
				DEBUG_INFORMATION_FORMAT = dwarf;
				ENABLE_STRICT_OBJC_MSGSEND = YES;
				ENABLE_TESTABILITY = YES;
				GCC_C_LANGUAGE_STANDARD = gnu11;
				GCC_DYNAMIC_NO_PIC = NO;
				GCC_NO_COMMON_BLOCKS = YES;
				GCC_OPTIMIZATION_LEVEL = 0;
				GCC_PREPROCESSOR_DEFINITIONS = (
					"DEBUG=1",
					"$(inherited)",
				);
				GCC_WARN_64_TO_32_BIT_CONVERSION = YES;
				GCC_WARN_ABOUT_RETURN_TYPE = YES_ERROR;
				GCC_WARN_UNDECLARED_SELECTOR = YES;
				GCC_WARN_UNINITIALIZED_AUTOS = YES_AGGRESSIVE;
				GCC_WARN_UNUSED_FUNCTION = YES;
				GCC_WARN_UNUSED_VARIABLE = YES;
				IPHONEOS_DEPLOYMENT_TARGET = 13.2;
				MTL_ENABLE_DEBUG_INFO = INCLUDE_SOURCE;
				MTL_FAST_MATH = YES;
				ONLY_ACTIVE_ARCH = YES;
				SDKROOT = iphoneos;
				SWIFT_ACTIVE_COMPILATION_CONDITIONS = DEBUG;
				SWIFT_OPTIMIZATION_LEVEL = "-Onone";
			};
			name = Debug;
		};
		4523D07B23C95D98002CDC18 /* Release */ = {
			isa = XCBuildConfiguration;
			buildSettings = {
				ALWAYS_SEARCH_USER_PATHS = NO;
				CLANG_ANALYZER_NONNULL = YES;
				CLANG_ANALYZER_NUMBER_OBJECT_CONVERSION = YES_AGGRESSIVE;
				CLANG_CXX_LANGUAGE_STANDARD = "gnu++14";
				CLANG_CXX_LIBRARY = "libc++";
				CLANG_ENABLE_MODULES = YES;
				CLANG_ENABLE_OBJC_ARC = YES;
				CLANG_ENABLE_OBJC_WEAK = YES;
				CLANG_WARN_BLOCK_CAPTURE_AUTORELEASING = YES;
				CLANG_WARN_BOOL_CONVERSION = YES;
				CLANG_WARN_COMMA = YES;
				CLANG_WARN_CONSTANT_CONVERSION = YES;
				CLANG_WARN_DEPRECATED_OBJC_IMPLEMENTATIONS = YES;
				CLANG_WARN_DIRECT_OBJC_ISA_USAGE = YES_ERROR;
				CLANG_WARN_DOCUMENTATION_COMMENTS = YES;
				CLANG_WARN_EMPTY_BODY = YES;
				CLANG_WARN_ENUM_CONVERSION = YES;
				CLANG_WARN_INFINITE_RECURSION = YES;
				CLANG_WARN_INT_CONVERSION = YES;
				CLANG_WARN_NON_LITERAL_NULL_CONVERSION = YES;
				CLANG_WARN_OBJC_IMPLICIT_RETAIN_SELF = YES;
				CLANG_WARN_OBJC_LITERAL_CONVERSION = YES;
				CLANG_WARN_OBJC_ROOT_CLASS = YES_ERROR;
				CLANG_WARN_RANGE_LOOP_ANALYSIS = YES;
				CLANG_WARN_STRICT_PROTOTYPES = YES;
				CLANG_WARN_SUSPICIOUS_MOVE = YES;
				CLANG_WARN_UNGUARDED_AVAILABILITY = YES_AGGRESSIVE;
				CLANG_WARN_UNREACHABLE_CODE = YES;
				CLANG_WARN__DUPLICATE_METHOD_MATCH = YES;
				COPY_PHASE_STRIP = NO;
				DEBUG_INFORMATION_FORMAT = "dwarf-with-dsym";
				ENABLE_NS_ASSERTIONS = NO;
				ENABLE_STRICT_OBJC_MSGSEND = YES;
				GCC_C_LANGUAGE_STANDARD = gnu11;
				GCC_NO_COMMON_BLOCKS = YES;
				GCC_WARN_64_TO_32_BIT_CONVERSION = YES;
				GCC_WARN_ABOUT_RETURN_TYPE = YES_ERROR;
				GCC_WARN_UNDECLARED_SELECTOR = YES;
				GCC_WARN_UNINITIALIZED_AUTOS = YES_AGGRESSIVE;
				GCC_WARN_UNUSED_FUNCTION = YES;
				GCC_WARN_UNUSED_VARIABLE = YES;
				IPHONEOS_DEPLOYMENT_TARGET = 13.2;
				MTL_ENABLE_DEBUG_INFO = NO;
				MTL_FAST_MATH = YES;
				SDKROOT = iphoneos;
				SWIFT_COMPILATION_MODE = wholemodule;
				SWIFT_OPTIMIZATION_LEVEL = "-O";
				VALIDATE_PRODUCT = YES;
			};
			name = Release;
		};
		4523D07D23C95D98002CDC18 /* Debug */ = {
			isa = XCBuildConfiguration;
			buildSettings = {
				ASSETCATALOG_COMPILER_APPICON_NAME = AppIcon;
				CODE_SIGN_STYLE = Automatic;
				DEVELOPMENT_TEAM = L6HP678P79;
				INFOPLIST_FILE = "Weber_Hello World/Info.plist";
				LD_RUNPATH_SEARCH_PATHS = (
					"$(inherited)",
					"@executable_path/Frameworks",
				);
				PRODUCT_BUNDLE_IDENTIFIER = "seth.c.weber.Weber-Hello-World";
				PRODUCT_NAME = "$(TARGET_NAME)";
				SWIFT_VERSION = 5.0;
				TARGETED_DEVICE_FAMILY = "1,2";
			};
			name = Debug;
		};
		4523D07E23C95D98002CDC18 /* Release */ = {
			isa = XCBuildConfiguration;
			buildSettings = {
				ASSETCATALOG_COMPILER_APPICON_NAME = AppIcon;
				CODE_SIGN_STYLE = Automatic;
				DEVELOPMENT_TEAM = L6HP678P79;
				INFOPLIST_FILE = "Weber_Hello World/Info.plist";
				LD_RUNPATH_SEARCH_PATHS = (
					"$(inherited)",
					"@executable_path/Frameworks",
				);
				PRODUCT_BUNDLE_IDENTIFIER = "seth.c.weber.Weber-Hello-World";
				PRODUCT_NAME = "$(TARGET_NAME)";
				SWIFT_VERSION = 5.0;
				TARGETED_DEVICE_FAMILY = "1,2";
			};
			name = Release;
		};
/* End XCBuildConfiguration section */

/* Begin XCConfigurationList section */
		4523D06323C95D93002CDC18 /* Build configuration list for PBXProject "Weber_Hello World" */ = {
			isa = XCConfigurationList;
			buildConfigurations = (
				4523D07A23C95D98002CDC18 /* Debug */,
				4523D07B23C95D98002CDC18 /* Release */,
			);
			defaultConfigurationIsVisible = 0;
			defaultConfigurationName = Release;
		};
		4523D07C23C95D98002CDC18 /* Build configuration list for PBXNativeTarget "Weber_Hello World" */ = {
			isa = XCConfigurationList;
			buildConfigurations = (
				4523D07D23C95D98002CDC18 /* Debug */,
				4523D07E23C95D98002CDC18 /* Release */,
			);
			defaultConfigurationIsVisible = 0;
			defaultConfigurationName = Release;
		};
/* End XCConfigurationList section */
	};
	rootObject = 4523D06023C95D93002CDC18 /* Project object */;
}
